Microsoft Visual Studio Solution File, Format Version 11.00
# Visual Studio 2008

Project("{824A8A02-6E89-4B07-574E-8D79293DC255}") = "Unity_Ice_Flakes_Project", "Assembly-CSharp-vs.csproj", "{0B401B7E-9AC2-3F06-523E-0798A824C4DF}"
EndProject
Global
	GlobalSection(SolutionConfigurationPlatforms) = preSolution
		Debug|Any CPU = Debug|Any CPU
		Release|Any CPU = Release|Any CPU
	EndGlobalSection
	GlobalSection(ProjectConfigurationPlatforms) = postSolution
		{0B401B7E-9AC2-3F06-523E-0798A824C4DF}.Debug|Any CPU.ActiveCfg = Debug|Any CPU
		{0B401B7E-9AC2-3F06-523E-0798A824C4DF}.Debug|Any CPU.Build.0 = Debug|Any CPU
		{0B401B7E-9AC2-3F06-523E-0798A824C4DF}.Release|Any CPU.ActiveCfg = Release|Any CPU
		{0B401B7E-9AC2-3F06-523E-0798A824C4DF}.Release|Any CPU.Build.0 = Release|Any CPU
	EndGlobalSection
	GlobalSection(SolutionProperties) = preSolution
		HideSolutionNode = FALSE
	EndGlobalSection
		GlobalSection(MonoDevelopProperties) = preSolution
		StartupItem = Assembly-CSharp.csproj
		Policies = $0
		$0.TextStylePolicy = $1
		$1.inheritsSet = null
		$1.scope = text/x-csharp
		$0.CSharpFormattingPolicy = $2
		$2.inheritsSet = Mono
		$2.inheritsScope = text/x-csharp
		$2.scope = text/x-csharp
		$0.TextStylePolicy = $3
		$3.FileWidth = 120
		$3.TabWidth = 4
		$3.IndentWidth = 4
		$3.EolMarker = Unix
		$3.inheritsSet = Mono
		$3.inheritsScope = text/plain
		$3.scope = text/plain
	EndGlobalSection

EndGlobal
